<?xml version="1.0" encoding="UTF-8"?>
<Scheme
   LastUpgradeVersion = "0830"
   version = "2.0">
   <BuildAction
      parallelizeBuildables = "YES"
      buildImplicitDependencies = "YES">
      <BuildActionEntries>
         <BuildActionEntry
            buildForTesting = "YES"
            buildForRunning = "YES"
            buildForProfiling = "YES"
            buildForArchiving = "YES"
            buildForAnalyzing = "YES">
            <BuildableReference
               BuildableIdentifier = "primary"
               BlueprintIdentifier = "E5A194621B4BCEAF00146224"
               BuildableName = "RDBeacon WatchKit App.app"
               BlueprintName = "RDBeacon WatchKit App"
               ReferencedContainer = "container:BeaconSample.xcodeproj">
            </BuildableReference>
         </BuildActionEntry>
         <BuildActionEntry
            buildForTesting = "YES"
            buildForRunning = "YES"
            buildForProfiling = "YES"
            buildForArchiving = "YES"
            buildForAnalyzing = "YES">
            <BuildableReference
               BuildableIdentifier = "primary"
               BlueprintIdentifier = "E551DB971B38E6B50082ADB8"
               BuildableName = "BeaconSample.app"
               BlueprintName = "BeaconSample"
               ReferencedContainer = "container:BeaconSample.xcodeproj">
            </BuildableReference>
         </BuildActionEntry>
      </BuildActionEntries>
   </BuildAction>
   <TestAction
      buildConfiguration = "Debug"
      selectedDebuggerIdentifier = "Xcode.DebuggerFoundation.Debugger.LLDB"
      selectedLauncherIdentifier = "Xcode.DebuggerFoundation.Launcher.LLDB"
      shouldUseLaunchSchemeArgsEnv = "YES">
      <Testables>
      </Testables>
      <MacroExpansion>
         <BuildableReference
            BuildableIdentifier = "primary"
            BlueprintIdentifier = "E5A194621B4BCEAF00146224"
            BuildableName = "RDBeacon WatchKit App.app"
            BlueprintName = "RDBeacon WatchKit App"
            ReferencedContainer = "container:BeaconSample.xcodeproj">
         </BuildableReference>
      </MacroExpansion>
      <AdditionalOptions>
      </AdditionalOptions>
   </TestAction>
   <LaunchAction
      buildConfiguration = "Debug"
      selectedDebuggerIdentifier = "Xcode.DebuggerFoundation.Debugger.LLDB"
      selectedLauncherIdentifier = "Xcode.DebuggerFoundation.Launcher.LLDB"
      launchStyle = "0"
      useCustomWorkingDirectory = "NO"
      ignoresPersistentStateOnLaunch = "NO"
      debugDocumentVersioning = "YES"
      debugServiceExtension = "internal"
      allowLocationSimulation = "YES"
      launchAutomaticallySubstyle = "4"
      notificationPayloadFile = "RDBeacon WatchKit Extension/PushNotificationPayload.apns">
      <RemoteRunnable
         runnableDebuggingMode = "2"
         BundleIdentifier = "com.apple.Carousel"
         RemotePath = "/RDBeacon">
         <BuildableReference
            BuildableIdentifier = "primary"
            BlueprintIdentifier = "E5A194621B4BCEAF00146224"
            BuildableName = "RDBeacon WatchKit App.app"
            BlueprintName = "RDBeacon WatchKit App"
            ReferencedContainer = "container:BeaconSample.xcodeproj">
         </BuildableReference>
      </RemoteRunnable>
      <MacroExpansion>
         <BuildableReference
            BuildableIdentifier = "primary"
            BlueprintIdentifier = "E5A194621B4BCEAF00146224"
            BuildableName = "RDBeacon WatchKit App.app"
            BlueprintName = "RDBeacon WatchKit App"
            ReferencedContainer = "container:BeaconSample.xcodeproj">
         </BuildableReference>
      </MacroExpansion>
      <AdditionalOptions>
      </AdditionalOptions>
   </LaunchAction>
   <ProfileAction
      buildConfiguration = "Release"
      shouldUseLaunchSchemeArgsEnv = "YES"
      savedToolIdentifier = ""
      useCustomWorkingDirectory = "NO"
      debugDocumentVersioning = "YES"
      launchAutomaticallySubstyle = "4"
      notificationPayloadFile = "RDBeacon WatchKit Extension/PushNotificationPayload.apns">
      <RemoteRunnable
         runnableDebuggingMode = "2"
         BundleIdentifier = "com.apple.Carousel"
         RemotePath = "/RDBeacon">
         <BuildableReference
            BuildableIdentifier = "primary"
            BlueprintIdentifier = "E5A194621B4BCEAF00146224"
            BuildableName = "RDBeacon WatchKit App.app"
            BlueprintName = "RDBeacon WatchKit App"
            ReferencedContainer = "container:BeaconSample.xcodeproj">
         </BuildableReference>
      </RemoteRunnable>
      <MacroExpansion>
         <BuildableReference
            BuildableIdentifier = "primary"
            BlueprintIdentifier = "E5A194621B4BCEAF00146224"
            BuildableName = "RDBeacon WatchKit App.app"
            BlueprintName = "RDBeacon WatchKit App"
            ReferencedContainer = "container:BeaconSample.xcodeproj">
         </BuildableReference>
      </MacroExpansion>
   </ProfileAction>
   <AnalyzeAction
      buildConfiguration = "Debug">
   </AnalyzeAction>
   <ArchiveAction
      buildConfiguration = "Release"
      revealArchiveInOrganizer = "YES">
   </ArchiveAction>
</Scheme>
